
Microsoft Visual Studio Solution File, Format Version 12.00
# Visual Studio Version 17
VisualStudioVersion = 17.9.34728.123
MinimumVisualStudioVersion = 10.0.40219.1
Project("{9A19103F-16F7-4668-BE54-9A1E7A4F7556}") = "RealStateApp.WebApp", "RealStateWebApp\RealStateApp.WebApp.csproj", "{88DD6323-2CF1-4A91-94F5-E9FDA8995AAA}"
EndProject
Project("{2150E333-8FDC-42A3-9474-1A3956D46DE8}") = "Source", "Source", "{992281C9-7464-4BEA-8C63-C2A087BE8BF6}"
EndProject
Project("{2150E333-8FDC-42A3-9474-1A3956D46DE8}") = "Core", "Core", "{011CE495-BB7F-48A7-986D-C4C7E5FDAD1B}"
EndProject
Project("{2150E333-8FDC-42A3-9474-1A3956D46DE8}") = "Infrastructure", "Infrastructure", "{1AF0BBED-C77E-438E-91AB-9BD315EEF33E}"
EndProject
Project("{2150E333-8FDC-42A3-9474-1A3956D46DE8}") = "Presentation", "Presentation", "{30662542-911A-4676-8F1C-17CD81B322A1}"
EndProject
Project("{2150E333-8FDC-42A3-9474-1A3956D46DE8}") = "WebApp", "WebApp", "{749BD78E-0E0F-4CEF-B851-E61CDB245A29}"
EndProject
Project("{2150E333-8FDC-42A3-9474-1A3956D46DE8}") = "WebApi", "WebApi", "{FFA1B1A2-83D8-4C82-8FE9-193C72DEC17D}"
EndProject
Project("{9A19103F-16F7-4668-BE54-9A1E7A4F7556}") = "RealStateApp.Core.Application", "RealStateApp.Core.Application\RealStateApp.Core.Application.csproj", "{A32F8C5B-AE9A-4A8F-BF97-24A0B136F552}"
EndProject
Project("{9A19103F-16F7-4668-BE54-9A1E7A4F7556}") = "RealStateApp.Core.Domain", "RealStateApp.Core.Domain\RealStateApp.Core.Domain.csproj", "{0A91F8D0-79D6-47EC-BE80-C94F6E11A8DF}"
EndProject
Project("{9A19103F-16F7-4668-BE54-9A1E7A4F7556}") = "RealStateApp.Infrastructure.Identity", "RealStateApp.Infrastructure.Identity\RealStateApp.Infrastructure.Identity.csproj", "{FB00865C-982F-49E7-89F8-675035F4C268}"
EndProject
Project("{9A19103F-16F7-4668-BE54-9A1E7A4F7556}") = "RealStateApp.Infrastructure.Persistance", "RealStateApp.Infrastructure.Persistance\RealStateApp.Infrastructure.Persistance.csproj", "{D2CD282A-7675-4D33-901C-9E63FF5F6545}"
EndProject
Project("{9A19103F-16F7-4668-BE54-9A1E7A4F7556}") = "RealStateApp.Infrastructure.Shared", "RealStateApp.Infrastructure.Shared\RealStateApp.Infrastructure.Shared.csproj", "{09DD88B9-3794-4AA8-83A1-8FE584D97FC4}"
EndProject
Project("{FAE04EC0-301F-11D3-BF4B-00C04F79EFBC}") = "RealStateApp.WebApi", "RealStateApp.WebApi\RealStateApp.WebApi.csproj", "{6B03D9A4-947B-4C87-A6E8-127C87E86EC3}"
EndProject
Global
	GlobalSection(SolutionConfigurationPlatforms) = preSolution
		Debug|Any CPU = Debug|Any CPU
		Release|Any CPU = Release|Any CPU
	EndGlobalSection
	GlobalSection(ProjectConfigurationPlatforms) = postSolution
		{88DD6323-2CF1-4A91-94F5-E9FDA8995AAA}.Debug|Any CPU.ActiveCfg = Debug|Any CPU
		{88DD6323-2CF1-4A91-94F5-E9FDA8995AAA}.Debug|Any CPU.Build.0 = Debug|Any CPU
		{88DD6323-2CF1-4A91-94F5-E9FDA8995AAA}.Release|Any CPU.ActiveCfg = Release|Any CPU
		{88DD6323-2CF1-4A91-94F5-E9FDA8995AAA}.Release|Any CPU.Build.0 = Release|Any CPU
		{A32F8C5B-AE9A-4A8F-BF97-24A0B136F552}.Debug|Any CPU.ActiveCfg = Debug|Any CPU
		{A32F8C5B-AE9A-4A8F-BF97-24A0B136F552}.Debug|Any CPU.Build.0 = Debug|Any CPU
		{A32F8C5B-AE9A-4A8F-BF97-24A0B136F552}.Release|Any CPU.ActiveCfg = Release|Any CPU
		{A32F8C5B-AE9A-4A8F-BF97-24A0B136F552}.Release|Any CPU.Build.0 = Release|Any CPU
		{0A91F8D0-79D6-47EC-BE80-C94F6E11A8DF}.Debug|Any CPU.ActiveCfg = Debug|Any CPU
		{0A91F8D0-79D6-47EC-BE80-C94F6E11A8DF}.Debug|Any CPU.Build.0 = Debug|Any CPU
		{0A91F8D0-79D6-47EC-BE80-C94F6E11A8DF}.Release|Any CPU.ActiveCfg = Release|Any CPU
		{0A91F8D0-79D6-47EC-BE80-C94F6E11A8DF}.Release|Any CPU.Build.0 = Release|Any CPU
		{FB00865C-982F-49E7-89F8-675035F4C268}.Debug|Any CPU.ActiveCfg = Debug|Any CPU
		{FB00865C-982F-49E7-89F8-675035F4C268}.Debug|Any CPU.Build.0 = Debug|Any CPU
		{FB00865C-982F-49E7-89F8-675035F4C268}.Release|Any CPU.ActiveCfg = Release|Any CPU
		{FB00865C-982F-49E7-89F8-675035F4C268}.Release|Any CPU.Build.0 = Release|Any CPU
		{D2CD282A-7675-4D33-901C-9E63FF5F6545}.Debug|Any CPU.ActiveCfg = Debug|Any CPU
		{D2CD282A-7675-4D33-901C-9E63FF5F6545}.Debug|Any CPU.Build.0 = Debug|Any CPU
		{D2CD282A-7675-4D33-901C-9E63FF5F6545}.Release|Any CPU.ActiveCfg = Release|Any CPU
		{D2CD282A-7675-4D33-901C-9E63FF5F6545}.Release|Any CPU.Build.0 = Release|Any CPU
		{09DD88B9-3794-4AA8-83A1-8FE584D97FC4}.Debug|Any CPU.ActiveCfg = Debug|Any CPU
		{09DD88B9-3794-4AA8-83A1-8FE584D97FC4}.Debug|Any CPU.Build.0 = Debug|Any CPU
		{09DD88B9-3794-4AA8-83A1-8FE584D97FC4}.Release|Any CPU.ActiveCfg = Release|Any CPU
		{09DD88B9-3794-4AA8-83A1-8FE584D97FC4}.Release|Any CPU.Build.0 = Release|Any CPU
		{6B03D9A4-947B-4C87-A6E8-127C87E86EC3}.Debug|Any CPU.ActiveCfg = Debug|Any CPU
		{6B03D9A4-947B-4C87-A6E8-127C87E86EC3}.Debug|Any CPU.Build.0 = Debug|Any CPU
		{6B03D9A4-947B-4C87-A6E8-127C87E86EC3}.Release|Any CPU.ActiveCfg = Release|Any CPU
		{6B03D9A4-947B-4C87-A6E8-127C87E86EC3}.Release|Any CPU.Build.0 = Release|Any CPU
	EndGlobalSection
	GlobalSection(SolutionProperties) = preSolution
		HideSolutionNode = FALSE
	EndGlobalSection
	GlobalSection(NestedProjects) = preSolution
		{88DD6323-2CF1-4A91-94F5-E9FDA8995AAA} = {749BD78E-0E0F-4CEF-B851-E61CDB245A29}
		{011CE495-BB7F-48A7-986D-C4C7E5FDAD1B} = {992281C9-7464-4BEA-8C63-C2A087BE8BF6}
		{1AF0BBED-C77E-438E-91AB-9BD315EEF33E} = {992281C9-7464-4BEA-8C63-C2A087BE8BF6}
		{30662542-911A-4676-8F1C-17CD81B322A1} = {992281C9-7464-4BEA-8C63-C2A087BE8BF6}
		{749BD78E-0E0F-4CEF-B851-E61CDB245A29} = {30662542-911A-4676-8F1C-17CD81B322A1}
		{FFA1B1A2-83D8-4C82-8FE9-193C72DEC17D} = {30662542-911A-4676-8F1C-17CD81B322A1}
		{A32F8C5B-AE9A-4A8F-BF97-24A0B136F552} = {011CE495-BB7F-48A7-986D-C4C7E5FDAD1B}
		{0A91F8D0-79D6-47EC-BE80-C94F6E11A8DF} = {011CE495-BB7F-48A7-986D-C4C7E5FDAD1B}
		{FB00865C-982F-49E7-89F8-675035F4C268} = {1AF0BBED-C77E-438E-91AB-9BD315EEF33E}
		{D2CD282A-7675-4D33-901C-9E63FF5F6545} = {1AF0BBED-C77E-438E-91AB-9BD315EEF33E}
		{09DD88B9-3794-4AA8-83A1-8FE584D97FC4} = {1AF0BBED-C77E-438E-91AB-9BD315EEF33E}
		{6B03D9A4-947B-4C87-A6E8-127C87E86EC3} = {FFA1B1A2-83D8-4C82-8FE9-193C72DEC17D}
	EndGlobalSection
	GlobalSection(ExtensibilityGlobals) = postSolution
		SolutionGuid = {53088232-59D8-4164-9B32-352630AFBAEE}
	EndGlobalSection
EndGlobal
